
Microsoft Visual Studio Solution File, Format Version 12.00
# Visual Studio 15
VisualStudioVersion = 15.0.28307.106
MinimumVisualStudioVersion = 10.0.40219.1
Project("{FAE04EC0-301F-11D3-BF4B-00C04F79EFBC}") = "ppedv.TastyMoon.DomainModel", "ppedv.TastyMoon.DomainModel\ppedv.TastyMoon.DomainModel.csproj", "{A4959B03-92F4-461A-9534-EF5FE7D6065F}"
EndProject
Project("{FAE04EC0-301F-11D3-BF4B-00C04F79EFBC}") = "ppedv.TastyMoon.Data.EF", "ppedv.TastyMoon.Data.EF\ppedv.TastyMoon.Data.EF.csproj", "{9CECBC5D-D681-47B3-8BB7-45C929A3E150}"
EndProject
Project("{FAE04EC0-301F-11D3-BF4B-00C04F79EFBC}") = "ppedv.TastyMoon.Data.EF.Tests", "ppedv.TastyMoon.Data.EF.Tests\ppedv.TastyMoon.Data.EF.Tests.csproj", "{15A35444-0AFD-4990-AFFE-F31BC66C6A58}"
EndProject
Project("{FAE04EC0-301F-11D3-BF4B-00C04F79EFBC}") = "ppedv.TastyMoon.Logic", "ppedv.TastyMoon.Logic\ppedv.TastyMoon.Logic.csproj", "{0B5E3C34-37BB-42A2-BDE0-09AEFC7750FA}"
EndProject
Project("{FAE04EC0-301F-11D3-BF4B-00C04F79EFBC}") = "ppedv.TastyMoon.UI.MoonConsole", "ppedv.TastyMoon.UI.MoonConsole\ppedv.TastyMoon.UI.MoonConsole.csproj", "{A53EA4D6-4A76-4B65-87DC-AB3C3AFECF75}"
EndProject
Project("{FAE04EC0-301F-11D3-BF4B-00C04F79EFBC}") = "ppedv.TastyMoon.Logic.Tests", "ppedv.TastyMoon.Logic.Tests\ppedv.TastyMoon.Logic.Tests.csproj", "{94392244-354F-44A6-A3A9-45C495C505BB}"
EndProject
Global
	GlobalSection(SolutionConfigurationPlatforms) = preSolution
		Debug|Any CPU = Debug|Any CPU
		Release|Any CPU = Release|Any CPU
	EndGlobalSection
	GlobalSection(ProjectConfigurationPlatforms) = postSolution
		{A4959B03-92F4-461A-9534-EF5FE7D6065F}.Debug|Any CPU.ActiveCfg = Debug|Any CPU
		{A4959B03-92F4-461A-9534-EF5FE7D6065F}.Debug|Any CPU.Build.0 = Debug|Any CPU
		{A4959B03-92F4-461A-9534-EF5FE7D6065F}.Release|Any CPU.ActiveCfg = Release|Any CPU
		{A4959B03-92F4-461A-9534-EF5FE7D6065F}.Release|Any CPU.Build.0 = Release|Any CPU
		{9CECBC5D-D681-47B3-8BB7-45C929A3E150}.Debug|Any CPU.ActiveCfg = Debug|Any CPU
		{9CECBC5D-D681-47B3-8BB7-45C929A3E150}.Debug|Any CPU.Build.0 = Debug|Any CPU
		{9CECBC5D-D681-47B3-8BB7-45C929A3E150}.Release|Any CPU.ActiveCfg = Release|Any CPU
		{9CECBC5D-D681-47B3-8BB7-45C929A3E150}.Release|Any CPU.Build.0 = Release|Any CPU
		{15A35444-0AFD-4990-AFFE-F31BC66C6A58}.Debug|Any CPU.ActiveCfg = Debug|Any CPU
		{15A35444-0AFD-4990-AFFE-F31BC66C6A58}.Debug|Any CPU.Build.0 = Debug|Any CPU
		{15A35444-0AFD-4990-AFFE-F31BC66C6A58}.Release|Any CPU.ActiveCfg = Release|Any CPU
		{15A35444-0AFD-4990-AFFE-F31BC66C6A58}.Release|Any CPU.Build.0 = Release|Any CPU
		{0B5E3C34-37BB-42A2-BDE0-09AEFC7750FA}.Debug|Any CPU.ActiveCfg = Debug|Any CPU
		{0B5E3C34-37BB-42A2-BDE0-09AEFC7750FA}.Debug|Any CPU.Build.0 = Debug|Any CPU
		{0B5E3C34-37BB-42A2-BDE0-09AEFC7750FA}.Release|Any CPU.ActiveCfg = Release|Any CPU
		{0B5E3C34-37BB-42A2-BDE0-09AEFC7750FA}.Release|Any CPU.Build.0 = Release|Any CPU
		{A53EA4D6-4A76-4B65-87DC-AB3C3AFECF75}.Debug|Any CPU.ActiveCfg = Debug|Any CPU
		{A53EA4D6-4A76-4B65-87DC-AB3C3AFECF75}.Debug|Any CPU.Build.0 = Debug|Any CPU
		{A53EA4D6-4A76-4B65-87DC-AB3C3AFECF75}.Release|Any CPU.ActiveCfg = Release|Any CPU
		{A53EA4D6-4A76-4B65-87DC-AB3C3AFECF75}.Release|Any CPU.Build.0 = Release|Any CPU
		{94392244-354F-44A6-A3A9-45C495C505BB}.Debug|Any CPU.ActiveCfg = Debug|Any CPU
		{94392244-354F-44A6-A3A9-45C495C505BB}.Debug|Any CPU.Build.0 = Debug|Any CPU
		{94392244-354F-44A6-A3A9-45C495C505BB}.Release|Any CPU.ActiveCfg = Release|Any CPU
		{94392244-354F-44A6-A3A9-45C495C505BB}.Release|Any CPU.Build.0 = Release|Any CPU
	EndGlobalSection
	GlobalSection(SolutionProperties) = preSolution
		HideSolutionNode = FALSE
	EndGlobalSection
	GlobalSection(ExtensibilityGlobals) = postSolution
		SolutionGuid = {15D1AC87-1EC3-4380-9A05-EFD2E38F856D}
	EndGlobalSection
EndGlobal
